// !$*UTF8*$!
{
	archiveVersion = 1;
	classes = {
	};
	objectVersion = 50;
	objects = {

/* Begin PBXBuildFile section */
		CD01A21F245AC142005BFFA1 /* AppDelegate.swift in Sources */ = {isa = PBXBuildFile; fileRef = CD01A21E245AC142005BFFA1 /* AppDelegate.swift */; };
		CD01A221245AC142005BFFA1 /* SceneDelegate.swift in Sources */ = {isa = PBXBuildFile; fileRef = CD01A220245AC142005BFFA1 /* SceneDelegate.swift */; };
		CD01A223245AC142005BFFA1 /* ViewController.swift in Sources */ = {isa = PBXBuildFile; fileRef = CD01A222245AC142005BFFA1 /* ViewController.swift */; };
		CD01A226245AC142005BFFA1 /* Main.storyboard in Resources */ = {isa = PBXBuildFile; fileRef = CD01A224245AC142005BFFA1 /* Main.storyboard */; };
		CD01A228245AC14B005BFFA1 /* Assets.xcassets in Resources */ = {isa = PBXBuildFile; fileRef = CD01A227245AC14B005BFFA1 /* Assets.xcassets */; };
		CD01A22B245AC14B005BFFA1 /* LaunchScreen.storyboard in Resources */ = {isa = PBXBuildFile; fileRef = CD01A229245AC14B005BFFA1 /* LaunchScreen.storyboard */; };
		CD2F4200245E24E000F8CE60 /* Minecraft.ttf in Resources */ = {isa = PBXBuildFile; fileRef = CD2F41FF245E24E000F8CE60 /* Minecraft.ttf */; };
		CD2F4204245E2D9C00F8CE60 /* btn.wav in Resources */ = {isa = PBXBuildFile; fileRef = CD2F4203245E2D9C00F8CE60 /* btn.wav */; };
/* End PBXBuildFile section */

/* Begin PBXFileReference section */
		CD01A21B245AC142005BFFA1 /* Retro Calculator Storyboard.app */ = {isa = PBXFileReference; explicitFileType = wrapper.application; includeInIndex = 0; path = "Retro Calculator Storyboard.app"; sourceTree = BUILT_PRODUCTS_DIR; };
		CD01A21E245AC142005BFFA1 /* AppDelegate.swift */ = {isa = PBXFileReference; lastKnownFileType = sourcecode.swift; path = AppDelegate.swift; sourceTree = "<group>"; };
		CD01A220245AC142005BFFA1 /* SceneDelegate.swift */ = {isa = PBXFileReference; lastKnownFileType = sourcecode.swift; path = SceneDelegate.swift; sourceTree = "<group>"; };
		CD01A222245AC142005BFFA1 /* ViewController.swift */ = {isa = PBXFileReference; lastKnownFileType = sourcecode.swift; path = ViewController.swift; sourceTree = "<group>"; };
		CD01A225245AC142005BFFA1 /* Base */ = {isa = PBXFileReference; lastKnownFileType = file.storyboard; name = Base; path = Base.lproj/Main.storyboard; sourceTree = "<group>"; };
		CD01A227245AC14B005BFFA1 /* Assets.xcassets */ = {isa = PBXFileReference; lastKnownFileType = folder.assetcatalog; path = Assets.xcassets; sourceTree = "<group>"; };
		CD01A22A245AC14B005BFFA1 /* Base */ = {isa = PBXFileReference; lastKnownFileType = file.storyboard; name = Base; path = Base.lproj/LaunchScreen.storyboard; sourceTree = "<group>"; };
		CD01A22C245AC14B005BFFA1 /* Info.plist */ = {isa = PBXFileReference; lastKnownFileType = text.plist.xml; path = Info.plist; sourceTree = "<group>"; };
		CD2F41FF245E24E000F8CE60 /* Minecraft.ttf */ = {isa = PBXFileReference; lastKnownFileType = file; path = Minecraft.ttf; sourceTree = "<group>"; };
		CD2F4203245E2D9C00F8CE60 /* btn.wav */ = {isa = PBXFileReference; lastKnownFileType = audio.wav; path = btn.wav; sourceTree = "<group>"; };
/* End PBXFileReference section */

/* Begin PBXFrameworksBuildPhase section */
		CD01A218245AC142005BFFA1 /* Frameworks */ = {
			isa = PBXFrameworksBuildPhase;
			buildActionMask = 2147483647;
			files = (
			);
			runOnlyForDeploymentPostprocessing = 0;
		};
/* End PBXFrameworksBuildPhase section */

/* Begin PBXGroup section */
		CD01A212245AC142005BFFA1 = {
			isa = PBXGroup;
			children = (
				CD01A21D245AC142005BFFA1 /* Retro Calculator Storyboard */,
				CD01A21C245AC142005BFFA1 /* Products */,
			);
			sourceTree = "<group>";
		};
		CD01A21C245AC142005BFFA1 /* Products */ = {
			isa = PBXGroup;
			children = (
				CD01A21B245AC142005BFFA1 /* Retro Calculator Storyboard.app */,
			);
			name = Products;
			sourceTree = "<group>";
		};
		CD01A21D245AC142005BFFA1 /* Retro Calculator Storyboard */ = {
			isa = PBXGroup;
			children = (
				CD2F4203245E2D9C00F8CE60 /* btn.wav */,
				CD2F41FF245E24E000F8CE60 /* Minecraft.ttf */,
				CD01A21E245AC142005BFFA1 /* AppDelegate.swift */,
				CD01A220245AC142005BFFA1 /* SceneDelegate.swift */,
				CD01A222245AC142005BFFA1 /* ViewController.swift */,
				CD01A224245AC142005BFFA1 /* Main.storyboard */,
				CD01A227245AC14B005BFFA1 /* Assets.xcassets */,
				CD01A229245AC14B005BFFA1 /* LaunchScreen.storyboard */,
				CD01A22C245AC14B005BFFA1 /* Info.plist */,
			);
			path = "Retro Calculator Storyboard";
			sourceTree = "<group>";
		};
/* End PBXGroup section */

/* Begin PBXNativeTarget section */
		CD01A21A245AC142005BFFA1 /* Retro Calculator Storyboard */ = {
			isa = PBXNativeTarget;
			buildConfigurationList = CD01A22F245AC14B005BFFA1 /* Build configuration list for PBXNativeTarget "Retro Calculator Storyboard" */;
			buildPhases = (
				CD01A217245AC142005BFFA1 /* Sources */,
				CD01A218245AC142005BFFA1 /* Frameworks */,
				CD01A219245AC142005BFFA1 /* Resources */,
			);
			buildRules = (
			);
			dependencies = (
			);
			name = "Retro Calculator Storyboard";
			productName = "Retro Calculator Storyboard";
			productReference = CD01A21B245AC142005BFFA1 /* Retro Calculator Storyboard.app */;
			productType = "com.apple.product-type.application";
		};
/* End PBXNativeTarget section */

/* Begin PBXProject section */
		CD01A213245AC142005BFFA1 /* Project object */ = {
			isa = PBXProject;
			attributes = {
				LastSwiftUpdateCheck = 1140;
				LastUpgradeCheck = 1140;
				ORGANIZATIONNAME = "Muhammad Anjum Kaiser";
				TargetAttributes = {
					CD01A21A245AC142005BFFA1 = {
						CreatedOnToolsVersion = 11.4.1;
					};
				};
			};
			buildConfigurationList = CD01A216245AC142005BFFA1 /* Build configuration list for PBXProject "Retro Calculator Storyboard" */;
			compatibilityVersion = "Xcode 9.3";
			developmentRegion = en;
			hasScannedForEncodings = 0;
			knownRegions = (
				en,
				Base,
			);
			mainGroup = CD01A212245AC142005BFFA1;
			productRefGroup = CD01A21C245AC142005BFFA1 /* Products */;
			projectDirPath = "";
			projectRoot = "";
			targets = (
				CD01A21A245AC142005BFFA1 /* Retro Calculator Storyboard */,
			);
		};
/* End PBXProject section */

/* Begin PBXResourcesBuildPhase section */
		CD01A219245AC142005BFFA1 /* Resources */ = {
			isa = PBXResourcesBuildPhase;
			buildActionMask = 2147483647;
			files = (
				CD2F4204245E2D9C00F8CE60 /* btn.wav in Resources */,
				CD01A22B245AC14B005BFFA1 /* LaunchScreen.storyboard in Resources */,
				CD01A228245AC14B005BFFA1 /* Assets.xcassets in Resources */,
				CD2F4200245E24E000F8CE60 /* Minecraft.ttf in Resources */,
				CD01A226245AC142005BFFA1 /* Main.storyboard in Resources */,
			);
			runOnlyForDeploymentPostprocessing = 0;
		};
/* End PBXResourcesBuildPhase section */

/* Begin PBXSourcesBuildPhase section */
		CD01A217245AC142005BFFA1 /* Sources */ = {
			isa = PBXSourcesBuildPhase;
			buildActionMask = 2147483647;
			files = (
				CD01A223245AC142005BFFA1 /* ViewController.swift in Sources */,
				CD01A21F245AC142005BFFA1 /* AppDelegate.swift in Sources */,
				CD01A221245AC142005BFFA1 /* SceneDelegate.swift in Sources */,
			);
			runOnlyForDeploymentPostprocessing = 0;
		};
/* End PBXSourcesBuildPhase section */

/* Begin PBXVariantGroup section */
		CD01A224245AC142005BFFA1 /* Main.storyboard */ = {
			isa = PBXVariantGroup;
			children = (
				CD01A225245AC142005BFFA1 /* Base */,
			);
			name = Main.storyboard;
			sourceTree = "<group>";
		};
		CD01A229245AC14B005BFFA1 /* LaunchScreen.storyboard */ = {
			isa = PBXVariantGroup;
			children = (
				CD01A22A245AC14B005BFFA1 /* Base */,
			);
			name = LaunchScreen.storyboard;
			sourceTree = "<group>";
		};
/* End PBXVariantGroup section */

/* Begin XCBuildConfiguration section */
		CD01A22D245AC14B005BFFA1 /* Debug */ = {
			isa = XCBuildConfiguration;
			buildSettings = {
				ALWAYS_SEARCH_USER_PATHS = NO;
				CLANG_ANALYZER_NONNULL = YES;
				CLANG_ANALYZER_NUMBER_OBJECT_CONVERSION = YES_AGGRESSIVE;
				CLANG_CXX_LANGUAGE_STANDARD = "gnu++14";
				CLANG_CXX_LIBRARY = "libc++";
				CLANG_ENABLE_MODULES = YES;
				CLANG_ENABLE_OBJC_ARC = YES;
				CLANG_ENABLE_OBJC_WEAK = YES;
				CLANG_WARN_BLOCK_CAPTURE_AUTORELEASING = YES;
				CLANG_WARN_BOOL_CONVERSION = YES;
				CLANG_WARN_COMMA = YES;
				CLANG_WARN_CONSTANT_CONVERSION = YES;
				CLANG_WARN_DEPRECATED_OBJC_IMPLEMENTATIONS = YES;
				CLANG_WARN_DIRECT_OBJC_ISA_USAGE = YES_ERROR;
				CLANG_WARN_DOCUMENTATION_COMMENTS = YES;
				CLANG_WARN_EMPTY_BODY = YES;
				CLANG_WARN_ENUM_CONVERSION = YES;
				CLANG_WARN_INFINITE_RECURSION = YES;
				CLANG_WARN_INT_CONVERSION = YES;
				CLANG_WARN_NON_LITERAL_NULL_CONVERSION = YES;
				CLANG_WARN_OBJC_IMPLICIT_RETAIN_SELF = YES;
				CLANG_WARN_OBJC_LITERAL_CONVERSION = YES;
				CLANG_WARN_OBJC_ROOT_CLASS = YES_ERROR;
				CLANG_WARN_RANGE_LOOP_ANALYSIS = YES;
				CLANG_WARN_STRICT_PROTOTYPES = YES;
				CLANG_WARN_SUSPICIOUS_MOVE = YES;
				CLANG_WARN_UNGUARDED_AVAILABILITY = YES_AGGRESSIVE;
				CLANG_WARN_UNREACHABLE_CODE = YES;
				CLANG_WARN__DUPLICATE_METHOD_MATCH = YES;
				COPY_PHASE_STRIP = NO;
				DEBUG_INFORMATION_FORMAT = dwarf;
				ENABLE_STRICT_OBJC_MSGSEND = YES;
				ENABLE_TESTABILITY = YES;
				GCC_C_LANGUAGE_STANDARD = gnu11;
				GCC_DYNAMIC_NO_PIC = NO;
				GCC_NO_COMMON_BLOCKS = YES;
				GCC_OPTIMIZATION_LEVEL = 0;
				GCC_PREPROCESSOR_DEFINITIONS = (
					"DEBUG=1",
					"$(inherited)",
				);
				GCC_WARN_64_TO_32_BIT_CONVERSION = YES;
				GCC_WARN_ABOUT_RETURN_TYPE = YES_ERROR;
				GCC_WARN_UNDECLARED_SELECTOR = YES;
				GCC_WARN_UNINITIALIZED_AUTOS = YES_AGGRESSIVE;
				GCC_WARN_UNUSED_FUNCTION = YES;
				GCC_WARN_UNUSED_VARIABLE = YES;
				IPHONEOS_DEPLOYMENT_TARGET = 13.4;
				MTL_ENABLE_DEBUG_INFO = INCLUDE_SOURCE;
				MTL_FAST_MATH = YES;
				ONLY_ACTIVE_ARCH = YES;
				SDKROOT = iphoneos;
				SWIFT_ACTIVE_COMPILATION_CONDITIONS = DEBUG;
				SWIFT_OPTIMIZATION_LEVEL = "-Onone";
			};
			name = Debug;
		};
		CD01A22E245AC14B005BFFA1 /* Release */ = {
			isa = XCBuildConfiguration;
			buildSettings = {
				ALWAYS_SEARCH_USER_PATHS = NO;
				CLANG_ANALYZER_NONNULL = YES;
				CLANG_ANALYZER_NUMBER_OBJECT_CONVERSION = YES_AGGRESSIVE;
				CLANG_CXX_LANGUAGE_STANDARD = "gnu++14";
				CLANG_CXX_LIBRARY = "libc++";
				CLANG_ENABLE_MODULES = YES;
				CLANG_ENABLE_OBJC_ARC = YES;
				CLANG_ENABLE_OBJC_WEAK = YES;
				CLANG_WARN_BLOCK_CAPTURE_AUTORELEASING = YES;
				CLANG_WARN_BOOL_CONVERSION = YES;
				CLANG_WARN_COMMA = YES;
				CLANG_WARN_CONSTANT_CONVERSION = YES;
				CLANG_WARN_DEPRECATED_OBJC_IMPLEMENTATIONS = YES;
				CLANG_WARN_DIRECT_OBJC_ISA_USAGE = YES_ERROR;
				CLANG_WARN_DOCUMENTATION_COMMENTS = YES;
				CLANG_WARN_EMPTY_BODY = YES;
				CLANG_WARN_ENUM_CONVERSION = YES;
				CLANG_WARN_INFINITE_RECURSION = YES;
				CLANG_WARN_INT_CONVERSION = YES;
				CLANG_WARN_NON_LITERAL_NULL_CONVERSION = YES;
				CLANG_WARN_OBJC_IMPLICIT_RETAIN_SELF = YES;
				CLANG_WARN_OBJC_LITERAL_CONVERSION = YES;
				CLANG_WARN_OBJC_ROOT_CLASS = YES_ERROR;
				CLANG_WARN_RANGE_LOOP_ANALYSIS = YES;
				CLANG_WARN_STRICT_PROTOTYPES = YES;
				CLANG_WARN_SUSPICIOUS_MOVE = YES;
				CLANG_WARN_UNGUARDED_AVAILABILITY = YES_AGGRESSIVE;
				CLANG_WARN_UNREACHABLE_CODE = YES;
				CLANG_WARN__DUPLICATE_METHOD_MATCH = YES;
				COPY_PHASE_STRIP = NO;
				DEBUG_INFORMATION_FORMAT = "dwarf-with-dsym";
				ENABLE_NS_ASSERTIONS = NO;
				ENABLE_STRICT_OBJC_MSGSEND = YES;
				GCC_C_LANGUAGE_STANDARD = gnu11;
				GCC_NO_COMMON_BLOCKS = YES;
				GCC_WARN_64_TO_32_BIT_CONVERSION = YES;
				GCC_WARN_ABOUT_RETURN_TYPE = YES_ERROR;
				GCC_WARN_UNDECLARED_SELECTOR = YES;
				GCC_WARN_UNINITIALIZED_AUTOS = YES_AGGRESSIVE;
				GCC_WARN_UNUSED_FUNCTION = YES;
				GCC_WARN_UNUSED_VARIABLE = YES;
				IPHONEOS_DEPLOYMENT_TARGET = 13.4;
				MTL_ENABLE_DEBUG_INFO = NO;
				MTL_FAST_MATH = YES;
				SDKROOT = iphoneos;
				SWIFT_COMPILATION_MODE = wholemodule;
				SWIFT_OPTIMIZATION_LEVEL = "-O";
				VALIDATE_PRODUCT = YES;
			};
			name = Release;
		};
		CD01A230245AC14B005BFFA1 /* Debug */ = {
			isa = XCBuildConfiguration;
			buildSettings = {
				ASSETCATALOG_COMPILER_APPICON_NAME = AppIcon;
				CODE_SIGN_STYLE = Automatic;
				INFOPLIST_FILE = "Retro Calculator Storyboard/Info.plist";
				LD_RUNPATH_SEARCH_PATHS = (
					"$(inherited)",
					"@executable_path/Frameworks",
				);
				PRODUCT_BUNDLE_IDENTIFIER = "com.anjumkaiser.Retro-Calculator-Storyboard";
				PRODUCT_NAME = "$(TARGET_NAME)";
				SWIFT_VERSION = 5.0;
				TARGETED_DEVICE_FAMILY = "1,2";
			};
			name = Debug;
		};
		CD01A231245AC14B005BFFA1 /* Release */ = {
			isa = XCBuildConfiguration;
			buildSettings = {
				ASSETCATALOG_COMPILER_APPICON_NAME = AppIcon;
				CODE_SIGN_STYLE = Automatic;
				INFOPLIST_FILE = "Retro Calculator Storyboard/Info.plist";
				LD_RUNPATH_SEARCH_PATHS = (
					"$(inherited)",
					"@executable_path/Frameworks",
				);
				PRODUCT_BUNDLE_IDENTIFIER = "com.anjumkaiser.Retro-Calculator-Storyboard";
				PRODUCT_NAME = "$(TARGET_NAME)";
				SWIFT_VERSION = 5.0;
				TARGETED_DEVICE_FAMILY = "1,2";
			};
			name = Release;
		};
/* End XCBuildConfiguration section */

/* Begin XCConfigurationList section */
		CD01A216245AC142005BFFA1 /* Build configuration list for PBXProject "Retro Calculator Storyboard" */ = {
			isa = XCConfigurationList;
			buildConfigurations = (
				CD01A22D245AC14B005BFFA1 /* Debug */,
				CD01A22E245AC14B005BFFA1 /* Release */,
			);
			defaultConfigurationIsVisible = 0;
			defaultConfigurationName = Release;
		};
		CD01A22F245AC14B005BFFA1 /* Build configuration list for PBXNativeTarget "Retro Calculator Storyboard" */ = {
			isa = XCConfigurationList;
			buildConfigurations = (
				CD01A230245AC14B005BFFA1 /* Debug */,
				CD01A231245AC14B005BFFA1 /* Release */,
			);
			defaultConfigurationIsVisible = 0;
			defaultConfigurationName = Release;
		};
/* End XCConfigurationList section */
	};
	rootObject = CD01A213245AC142005BFFA1 /* Project object */;
}
